
Microsoft Visual Studio Solution File, Format Version 12.00
# Visual Studio 14
VisualStudioVersion = 14.0.25420.1
MinimumVisualStudioVersion = 10.0.40219.1
Project("{FAE04EC0-301F-11D3-BF4B-00C04F79EFBC}") = "MyLibrary", "MyLibrary\MyLibrary.csproj", "{E6C55ABB-1900-420B-9F4F-A4D9A20F9421}"
EndProject
Project("{FAE04EC0-301F-11D3-BF4B-00C04F79EFBC}") = "MyLibraryTests", "MyLibraryTests\MyLibraryTests.csproj", "{3C984616-46FA-462B-B370-EF88DF889C0A}"
EndProject
Project("{FAE04EC0-301F-11D3-BF4B-00C04F79EFBC}") = "MyNUnitTestAdapter", "MyNUnitTestAdapter\MyNUnitTestAdapter.csproj", "{7F92527F-5EC7-4A43-88AD-8D8EE42D7E12}"
EndProject
Global
	GlobalSection(SolutionConfigurationPlatforms) = preSolution
		Debug|Any CPU = Debug|Any CPU
		Release|Any CPU = Release|Any CPU
	EndGlobalSection
	GlobalSection(ProjectConfigurationPlatforms) = postSolution
		{E6C55ABB-1900-420B-9F4F-A4D9A20F9421}.Debug|Any CPU.ActiveCfg = Debug|Any CPU
		{E6C55ABB-1900-420B-9F4F-A4D9A20F9421}.Debug|Any CPU.Build.0 = Debug|Any CPU
		{E6C55ABB-1900-420B-9F4F-A4D9A20F9421}.Release|Any CPU.ActiveCfg = Release|Any CPU
		{E6C55ABB-1900-420B-9F4F-A4D9A20F9421}.Release|Any CPU.Build.0 = Release|Any CPU
		{3C984616-46FA-462B-B370-EF88DF889C0A}.Debug|Any CPU.ActiveCfg = Debug|Any CPU
		{3C984616-46FA-462B-B370-EF88DF889C0A}.Debug|Any CPU.Build.0 = Debug|Any CPU
		{3C984616-46FA-462B-B370-EF88DF889C0A}.Release|Any CPU.ActiveCfg = Release|Any CPU
		{3C984616-46FA-462B-B370-EF88DF889C0A}.Release|Any CPU.Build.0 = Release|Any CPU
		{7F92527F-5EC7-4A43-88AD-8D8EE42D7E12}.Debug|Any CPU.ActiveCfg = Debug|Any CPU
		{7F92527F-5EC7-4A43-88AD-8D8EE42D7E12}.Debug|Any CPU.Build.0 = Debug|Any CPU
		{7F92527F-5EC7-4A43-88AD-8D8EE42D7E12}.Release|Any CPU.ActiveCfg = Release|Any CPU
		{7F92527F-5EC7-4A43-88AD-8D8EE42D7E12}.Release|Any CPU.Build.0 = Release|Any CPU
	EndGlobalSection
	GlobalSection(SolutionProperties) = preSolution
		HideSolutionNode = FALSE
	EndGlobalSection
EndGlobal
